
Microsoft Visual Studio Solution File, Format Version 12.00
# Visual Studio Version 16
VisualStudioVersion = 16.0.30907.101
MinimumVisualStudioVersion = 10.0.40219.1
Project("{8BC9CEB8-8B4A-11D0-8D11-00A0C91BC942}") = "BAI_1.1_OnTapTongHop", "BAI_1.1_OnTapTongHop\BAI_1.1_OnTapTongHop.vcxproj", "{B4757B23-94D3-4234-BF34-8FDF04D50D7A}"
EndProject
Project("{8BC9CEB8-8B4A-11D0-8D11-00A0C91BC942}") = "BAI_2.2_ConTro", "BAI_2.2_ConTro\BAI_2.2_ConTro.vcxproj", "{43D8A412-634B-4F86-A9E6-4A40F99AC013}"
EndProject
Project("{8BC9CEB8-8B4A-11D0-8D11-00A0C91BC942}") = "Bai_1.2_ThuatToanDeQuy", "Bai_1.2_ThuatToanDeQuy\Bai_1.2_ThuatToanDeQuy.vcxproj", "{CE5488B4-D6D1-4235-ACE7-68D07A377F2F}"
EndProject
Project("{8BC9CEB8-8B4A-11D0-8D11-00A0C91BC942}") = "BAI_2.3_ThamChieu_ThamTri", "BAI_2.3_ThamChieu_ThamTri\BAI_2.3_ThamChieu_ThamTri.vcxproj", "{73CD1F56-ABCC-4422-9F20-A7471485EE0F}"
EndProject
Project("{8BC9CEB8-8B4A-11D0-8D11-00A0C91BC942}") = "BAI_2.4_ConTroVoiArray", "BAI_2.4_ConTroVoiArray\BAI_2.4_ConTroVoiArray.vcxproj", "{61CCF56D-500F-4E51-8653-661B68E027C9}"
EndProject
Project("{8BC9CEB8-8B4A-11D0-8D11-00A0C91BC942}") = "BAI_2.5_CacThuatToanTimKiem", "BAI_2.5_CacThuatToanTimKiem\BAI_2.5_CacThuatToanTimKiem.vcxproj", "{6905E571-BD93-4D98-A6FE-5DF04D7F84C3}"
EndProject
Project("{8BC9CEB8-8B4A-11D0-8D11-00A0C91BC942}") = "BAI_2.6_Stack_Queue", "BAI_2.6_Stack_Queue\BAI_2.6_Stack_Queue.vcxproj", "{F0982FE9-246A-4B19-92D4-142ACE350012}"
EndProject
Project("{8BC9CEB8-8B4A-11D0-8D11-00A0C91BC942}") = "BAI_2.7_Queue", "BAI_2.7_Queue\BAI_2.7_Queue.vcxproj", "{A7419F03-C76B-442D-8ED2-B10627475B90}"
EndProject
Project("{8BC9CEB8-8B4A-11D0-8D11-00A0C91BC942}") = "BAI_2.8_LinkedList", "BAI_2.8_LinkedList\BAI_2.8_LinkedList.vcxproj", "{3E0B3437-44F1-49FB-BFF8-7983E08B1D3E}"
EndProject
Global
	GlobalSection(SolutionConfigurationPlatforms) = preSolution
		Debug|Any CPU = Debug|Any CPU
		Debug|x64 = Debug|x64
		Debug|x86 = Debug|x86
		Release|Any CPU = Release|Any CPU
		Release|x64 = Release|x64
		Release|x86 = Release|x86
	EndGlobalSection
	GlobalSection(ProjectConfigurationPlatforms) = postSolution
		{B4757B23-94D3-4234-BF34-8FDF04D50D7A}.Debug|Any CPU.ActiveCfg = Debug|Win32
		{B4757B23-94D3-4234-BF34-8FDF04D50D7A}.Debug|x64.ActiveCfg = Debug|x64
		{B4757B23-94D3-4234-BF34-8FDF04D50D7A}.Debug|x64.Build.0 = Debug|x64
		{B4757B23-94D3-4234-BF34-8FDF04D50D7A}.Debug|x86.ActiveCfg = Debug|Win32
		{B4757B23-94D3-4234-BF34-8FDF04D50D7A}.Debug|x86.Build.0 = Debug|Win32
		{B4757B23-94D3-4234-BF34-8FDF04D50D7A}.Release|Any CPU.ActiveCfg = Release|Win32
		{B4757B23-94D3-4234-BF34-8FDF04D50D7A}.Release|x64.ActiveCfg = Release|x64
		{B4757B23-94D3-4234-BF34-8FDF04D50D7A}.Release|x64.Build.0 = Release|x64
		{B4757B23-94D3-4234-BF34-8FDF04D50D7A}.Release|x86.ActiveCfg = Release|Win32
		{B4757B23-94D3-4234-BF34-8FDF04D50D7A}.Release|x86.Build.0 = Release|Win32
		{43D8A412-634B-4F86-A9E6-4A40F99AC013}.Debug|Any CPU.ActiveCfg = Debug|Win32
		{43D8A412-634B-4F86-A9E6-4A40F99AC013}.Debug|x64.ActiveCfg = Debug|x64
		{43D8A412-634B-4F86-A9E6-4A40F99AC013}.Debug|x64.Build.0 = Debug|x64
		{43D8A412-634B-4F86-A9E6-4A40F99AC013}.Debug|x86.ActiveCfg = Debug|Win32
		{43D8A412-634B-4F86-A9E6-4A40F99AC013}.Debug|x86.Build.0 = Debug|Win32
		{43D8A412-634B-4F86-A9E6-4A40F99AC013}.Release|Any CPU.ActiveCfg = Release|Win32
		{43D8A412-634B-4F86-A9E6-4A40F99AC013}.Release|x64.ActiveCfg = Release|x64
		{43D8A412-634B-4F86-A9E6-4A40F99AC013}.Release|x64.Build.0 = Release|x64
		{43D8A412-634B-4F86-A9E6-4A40F99AC013}.Release|x86.ActiveCfg = Release|Win32
		{43D8A412-634B-4F86-A9E6-4A40F99AC013}.Release|x86.Build.0 = Release|Win32
		{CE5488B4-D6D1-4235-ACE7-68D07A377F2F}.Debug|Any CPU.ActiveCfg = Debug|Win32
		{CE5488B4-D6D1-4235-ACE7-68D07A377F2F}.Debug|x64.ActiveCfg = Debug|x64
		{CE5488B4-D6D1-4235-ACE7-68D07A377F2F}.Debug|x64.Build.0 = Debug|x64
		{CE5488B4-D6D1-4235-ACE7-68D07A377F2F}.Debug|x86.ActiveCfg = Debug|Win32
		{CE5488B4-D6D1-4235-ACE7-68D07A377F2F}.Debug|x86.Build.0 = Debug|Win32
		{CE5488B4-D6D1-4235-ACE7-68D07A377F2F}.Release|Any CPU.ActiveCfg = Release|Win32
		{CE5488B4-D6D1-4235-ACE7-68D07A377F2F}.Release|x64.ActiveCfg = Release|x64
		{CE5488B4-D6D1-4235-ACE7-68D07A377F2F}.Release|x64.Build.0 = Release|x64
		{CE5488B4-D6D1-4235-ACE7-68D07A377F2F}.Release|x86.ActiveCfg = Release|Win32
		{CE5488B4-D6D1-4235-ACE7-68D07A377F2F}.Release|x86.Build.0 = Release|Win32
		{73CD1F56-ABCC-4422-9F20-A7471485EE0F}.Debug|Any CPU.ActiveCfg = Debug|Win32
		{73CD1F56-ABCC-4422-9F20-A7471485EE0F}.Debug|x64.ActiveCfg = Debug|x64
		{73CD1F56-ABCC-4422-9F20-A7471485EE0F}.Debug|x64.Build.0 = Debug|x64
		{73CD1F56-ABCC-4422-9F20-A7471485EE0F}.Debug|x86.ActiveCfg = Debug|Win32
		{73CD1F56-ABCC-4422-9F20-A7471485EE0F}.Debug|x86.Build.0 = Debug|Win32
		{73CD1F56-ABCC-4422-9F20-A7471485EE0F}.Release|Any CPU.ActiveCfg = Release|Win32
		{73CD1F56-ABCC-4422-9F20-A7471485EE0F}.Release|x64.ActiveCfg = Release|x64
		{73CD1F56-ABCC-4422-9F20-A7471485EE0F}.Release|x64.Build.0 = Release|x64
		{73CD1F56-ABCC-4422-9F20-A7471485EE0F}.Release|x86.ActiveCfg = Release|Win32
		{73CD1F56-ABCC-4422-9F20-A7471485EE0F}.Release|x86.Build.0 = Release|Win32
		{61CCF56D-500F-4E51-8653-661B68E027C9}.Debug|Any CPU.ActiveCfg = Debug|Win32
		{61CCF56D-500F-4E51-8653-661B68E027C9}.Debug|x64.ActiveCfg = Debug|x64
		{61CCF56D-500F-4E51-8653-661B68E027C9}.Debug|x64.Build.0 = Debug|x64
		{61CCF56D-500F-4E51-8653-661B68E027C9}.Debug|x86.ActiveCfg = Debug|Win32
		{61CCF56D-500F-4E51-8653-661B68E027C9}.Debug|x86.Build.0 = Debug|Win32
		{61CCF56D-500F-4E51-8653-661B68E027C9}.Release|Any CPU.ActiveCfg = Release|Win32
		{61CCF56D-500F-4E51-8653-661B68E027C9}.Release|x64.ActiveCfg = Release|x64
		{61CCF56D-500F-4E51-8653-661B68E027C9}.Release|x64.Build.0 = Release|x64
		{61CCF56D-500F-4E51-8653-661B68E027C9}.Release|x86.ActiveCfg = Release|Win32
		{61CCF56D-500F-4E51-8653-661B68E027C9}.Release|x86.Build.0 = Release|Win32
		{6905E571-BD93-4D98-A6FE-5DF04D7F84C3}.Debug|Any CPU.ActiveCfg = Debug|Win32
		{6905E571-BD93-4D98-A6FE-5DF04D7F84C3}.Debug|x64.ActiveCfg = Debug|x64
		{6905E571-BD93-4D98-A6FE-5DF04D7F84C3}.Debug|x64.Build.0 = Debug|x64
		{6905E571-BD93-4D98-A6FE-5DF04D7F84C3}.Debug|x86.ActiveCfg = Debug|Win32
		{6905E571-BD93-4D98-A6FE-5DF04D7F84C3}.Debug|x86.Build.0 = Debug|Win32
		{6905E571-BD93-4D98-A6FE-5DF04D7F84C3}.Release|Any CPU.ActiveCfg = Release|Win32
		{6905E571-BD93-4D98-A6FE-5DF04D7F84C3}.Release|x64.ActiveCfg = Release|x64
		{6905E571-BD93-4D98-A6FE-5DF04D7F84C3}.Release|x64.Build.0 = Release|x64
		{6905E571-BD93-4D98-A6FE-5DF04D7F84C3}.Release|x86.ActiveCfg = Release|Win32
		{6905E571-BD93-4D98-A6FE-5DF04D7F84C3}.Release|x86.Build.0 = Release|Win32
		{F0982FE9-246A-4B19-92D4-142ACE350012}.Debug|Any CPU.ActiveCfg = Debug|Win32
		{F0982FE9-246A-4B19-92D4-142ACE350012}.Debug|x64.ActiveCfg = Debug|x64
		{F0982FE9-246A-4B19-92D4-142ACE350012}.Debug|x64.Build.0 = Debug|x64
		{F0982FE9-246A-4B19-92D4-142ACE350012}.Debug|x86.ActiveCfg = Debug|Win32
		{F0982FE9-246A-4B19-92D4-142ACE350012}.Debug|x86.Build.0 = Debug|Win32
		{F0982FE9-246A-4B19-92D4-142ACE350012}.Release|Any CPU.ActiveCfg = Release|Win32
		{F0982FE9-246A-4B19-92D4-142ACE350012}.Release|x64.ActiveCfg = Release|x64
		{F0982FE9-246A-4B19-92D4-142ACE350012}.Release|x64.Build.0 = Release|x64
		{F0982FE9-246A-4B19-92D4-142ACE350012}.Release|x86.ActiveCfg = Release|Win32
		{F0982FE9-246A-4B19-92D4-142ACE350012}.Release|x86.Build.0 = Release|Win32
		{A7419F03-C76B-442D-8ED2-B10627475B90}.Debug|Any CPU.ActiveCfg = Debug|Win32
		{A7419F03-C76B-442D-8ED2-B10627475B90}.Debug|x64.ActiveCfg = Debug|x64
		{A7419F03-C76B-442D-8ED2-B10627475B90}.Debug|x64.Build.0 = Debug|x64
		{A7419F03-C76B-442D-8ED2-B10627475B90}.Debug|x86.ActiveCfg = Debug|Win32
		{A7419F03-C76B-442D-8ED2-B10627475B90}.Debug|x86.Build.0 = Debug|Win32
		{A7419F03-C76B-442D-8ED2-B10627475B90}.Release|Any CPU.ActiveCfg = Release|Win32
		{A7419F03-C76B-442D-8ED2-B10627475B90}.Release|x64.ActiveCfg = Release|x64
		{A7419F03-C76B-442D-8ED2-B10627475B90}.Release|x64.Build.0 = Release|x64
		{A7419F03-C76B-442D-8ED2-B10627475B90}.Release|x86.ActiveCfg = Release|Win32
		{A7419F03-C76B-442D-8ED2-B10627475B90}.Release|x86.Build.0 = Release|Win32
		{3E0B3437-44F1-49FB-BFF8-7983E08B1D3E}.Debug|Any CPU.ActiveCfg = Debug|Win32
		{3E0B3437-44F1-49FB-BFF8-7983E08B1D3E}.Debug|x64.ActiveCfg = Debug|x64
		{3E0B3437-44F1-49FB-BFF8-7983E08B1D3E}.Debug|x64.Build.0 = Debug|x64
		{3E0B3437-44F1-49FB-BFF8-7983E08B1D3E}.Debug|x86.ActiveCfg = Debug|Win32
		{3E0B3437-44F1-49FB-BFF8-7983E08B1D3E}.Debug|x86.Build.0 = Debug|Win32
		{3E0B3437-44F1-49FB-BFF8-7983E08B1D3E}.Release|Any CPU.ActiveCfg = Release|Win32
		{3E0B3437-44F1-49FB-BFF8-7983E08B1D3E}.Release|x64.ActiveCfg = Release|x64
		{3E0B3437-44F1-49FB-BFF8-7983E08B1D3E}.Release|x64.Build.0 = Release|x64
		{3E0B3437-44F1-49FB-BFF8-7983E08B1D3E}.Release|x86.ActiveCfg = Release|Win32
		{3E0B3437-44F1-49FB-BFF8-7983E08B1D3E}.Release|x86.Build.0 = Release|Win32
	EndGlobalSection
	GlobalSection(SolutionProperties) = preSolution
		HideSolutionNode = FALSE
	EndGlobalSection
	GlobalSection(ExtensibilityGlobals) = postSolution
		SolutionGuid = {6B85FD18-FFC4-4309-9877-8C646C6D8B22}
	EndGlobalSection
EndGlobal
